
Microsoft Visual Studio Solution File, Format Version 12.00
# Visual Studio 15
VisualStudioVersion = 15.0.27004.2002
MinimumVisualStudioVersion = 10.0.40219.1
Project("{FAE04EC0-301F-11D3-BF4B-00C04F79EFBC}") = "ClassLibrary1", "ClassLibrary1\ClassLibrary1.csproj", "{C25BF051-F686-4732-ACBE-CE510ABBEB20}"
EndProject
Project("{FAE04EC0-301F-11D3-BF4B-00C04F79EFBC}") = "ClassLibrary2", "..\ClassLibrary2\ClassLibrary2.csproj", "{7E33A99F-C072-4C71-91E5-8B0D008FCCFB}"
EndProject
Project("{FAE04EC0-301F-11D3-BF4B-00C04F79EFBC}") = "Test", "..\Test\Test.csproj", "{B1ACF9FC-E561-40F2-8C14-F062B3C983A6}"
EndProject
Global
	GlobalSection(SolutionConfigurationPlatforms) = preSolution
		Debug|Any CPU = Debug|Any CPU
		Release|Any CPU = Release|Any CPU
	EndGlobalSection
	GlobalSection(ProjectConfigurationPlatforms) = postSolution
		{C25BF051-F686-4732-ACBE-CE510ABBEB20}.Debug|Any CPU.ActiveCfg = Debug|Any CPU
		{C25BF051-F686-4732-ACBE-CE510ABBEB20}.Debug|Any CPU.Build.0 = Debug|Any CPU
		{C25BF051-F686-4732-ACBE-CE510ABBEB20}.Release|Any CPU.ActiveCfg = Release|Any CPU
		{C25BF051-F686-4732-ACBE-CE510ABBEB20}.Release|Any CPU.Build.0 = Release|Any CPU
		{7E33A99F-C072-4C71-91E5-8B0D008FCCFB}.Debug|Any CPU.ActiveCfg = Debug|Any CPU
		{7E33A99F-C072-4C71-91E5-8B0D008FCCFB}.Debug|Any CPU.Build.0 = Debug|Any CPU
		{7E33A99F-C072-4C71-91E5-8B0D008FCCFB}.Release|Any CPU.ActiveCfg = Release|Any CPU
		{7E33A99F-C072-4C71-91E5-8B0D008FCCFB}.Release|Any CPU.Build.0 = Release|Any CPU
		{B1ACF9FC-E561-40F2-8C14-F062B3C983A6}.Debug|Any CPU.ActiveCfg = Debug|Any CPU
		{B1ACF9FC-E561-40F2-8C14-F062B3C983A6}.Debug|Any CPU.Build.0 = Debug|Any CPU
		{B1ACF9FC-E561-40F2-8C14-F062B3C983A6}.Release|Any CPU.ActiveCfg = Release|Any CPU
		{B1ACF9FC-E561-40F2-8C14-F062B3C983A6}.Release|Any CPU.Build.0 = Release|Any CPU
	EndGlobalSection
	GlobalSection(SolutionProperties) = preSolution
		HideSolutionNode = FALSE
	EndGlobalSection
	GlobalSection(ExtensibilityGlobals) = postSolution
		SolutionGuid = {A73B75D9-79FD-4E79-A8D0-56C9171D558E}
	EndGlobalSection
EndGlobal
